PODS:
  - Shadow (0.3)

DEPENDENCIES:
  - Shadow (from `https://github.com/yanda/Shadow.git`)

EXTERNAL SOURCES:
  Shadow:
    :git: https://github.com/yanda/Shadow.git

CHECKOUT OPTIONS:
  Shadow:
    :commit: 2ac32291a56228992ac5dd823e59bb9d6afb0952
    :git: https://github.com/yanda/Shadow.git

SPEC CHECKSUMS:
  Shadow: 587c2f7bea6cdc9c2218551ab594b9447f2f5515

PODFILE CHECKSUM: 53285e501c83a9b27fa4ef58c3972b2a0faae515

COCOAPODS: 1.5.3
